
Microsoft Visual Studio Solution File, Format Version 12.00
# Visual Studio 15
VisualStudioVersion = 15.0.26124.0
MinimumVisualStudioVersion = 15.0.26124.0
Project("{FAE04EC0-301F-11D3-BF4B-00C04F79EFBC}") = "GraduationGuideline.web", "GraduationGuideline.web\GraduationGuideline.web.csproj", "{79235457-1629-42AA-AE71-F4CB8FE0CF83}"
EndProject
Project("{FAE04EC0-301F-11D3-BF4B-00C04F79EFBC}") = "GraduationGuideline.test", "GraduationGuideline.test\GraduationGuideline.test.csproj", "{EF883927-7F6D-4755-AF3D-7F529FE4B00B}"
EndProject
Project("{FAE04EC0-301F-11D3-BF4B-00C04F79EFBC}") = "GraduationGuideline.domain", "GraduationGuideline.domain\GraduationGuideline.domain.csproj", "{91CAA24E-E2D3-4B73-8212-AD1EDC4B7000}"
EndProject
Global
	GlobalSection(SolutionConfigurationPlatforms) = preSolution
		Debug|Any CPU = Debug|Any CPU
		Debug|x64 = Debug|x64
		Debug|x86 = Debug|x86
		Release|Any CPU = Release|Any CPU
		Release|x64 = Release|x64
		Release|x86 = Release|x86
	EndGlobalSection
	GlobalSection(SolutionProperties) = preSolution
		HideSolutionNode = FALSE
	EndGlobalSection
	GlobalSection(ProjectConfigurationPlatforms) = postSolution
		{79235457-1629-42AA-AE71-F4CB8FE0CF83}.Debug|Any CPU.ActiveCfg = Debug|Any CPU
		{79235457-1629-42AA-AE71-F4CB8FE0CF83}.Debug|Any CPU.Build.0 = Debug|Any CPU
		{79235457-1629-42AA-AE71-F4CB8FE0CF83}.Debug|x64.ActiveCfg = Debug|Any CPU
		{79235457-1629-42AA-AE71-F4CB8FE0CF83}.Debug|x64.Build.0 = Debug|Any CPU
		{79235457-1629-42AA-AE71-F4CB8FE0CF83}.Debug|x86.ActiveCfg = Debug|Any CPU
		{79235457-1629-42AA-AE71-F4CB8FE0CF83}.Debug|x86.Build.0 = Debug|Any CPU
		{79235457-1629-42AA-AE71-F4CB8FE0CF83}.Release|Any CPU.ActiveCfg = Release|Any CPU
		{79235457-1629-42AA-AE71-F4CB8FE0CF83}.Release|Any CPU.Build.0 = Release|Any CPU
		{79235457-1629-42AA-AE71-F4CB8FE0CF83}.Release|x64.ActiveCfg = Release|Any CPU
		{79235457-1629-42AA-AE71-F4CB8FE0CF83}.Release|x64.Build.0 = Release|Any CPU
		{79235457-1629-42AA-AE71-F4CB8FE0CF83}.Release|x86.ActiveCfg = Release|Any CPU
		{79235457-1629-42AA-AE71-F4CB8FE0CF83}.Release|x86.Build.0 = Release|Any CPU
		{EF883927-7F6D-4755-AF3D-7F529FE4B00B}.Debug|Any CPU.ActiveCfg = Debug|Any CPU
		{EF883927-7F6D-4755-AF3D-7F529FE4B00B}.Debug|Any CPU.Build.0 = Debug|Any CPU
		{EF883927-7F6D-4755-AF3D-7F529FE4B00B}.Debug|x64.ActiveCfg = Debug|Any CPU
		{EF883927-7F6D-4755-AF3D-7F529FE4B00B}.Debug|x64.Build.0 = Debug|Any CPU
		{EF883927-7F6D-4755-AF3D-7F529FE4B00B}.Debug|x86.ActiveCfg = Debug|Any CPU
		{EF883927-7F6D-4755-AF3D-7F529FE4B00B}.Debug|x86.Build.0 = Debug|Any CPU
		{EF883927-7F6D-4755-AF3D-7F529FE4B00B}.Release|Any CPU.ActiveCfg = Release|Any CPU
		{EF883927-7F6D-4755-AF3D-7F529FE4B00B}.Release|Any CPU.Build.0 = Release|Any CPU
		{EF883927-7F6D-4755-AF3D-7F529FE4B00B}.Release|x64.ActiveCfg = Release|Any CPU
		{EF883927-7F6D-4755-AF3D-7F529FE4B00B}.Release|x64.Build.0 = Release|Any CPU
		{EF883927-7F6D-4755-AF3D-7F529FE4B00B}.Release|x86.ActiveCfg = Release|Any CPU
		{EF883927-7F6D-4755-AF3D-7F529FE4B00B}.Release|x86.Build.0 = Release|Any CPU
		{91CAA24E-E2D3-4B73-8212-AD1EDC4B7000}.Debug|Any CPU.ActiveCfg = Debug|Any CPU
		{91CAA24E-E2D3-4B73-8212-AD1EDC4B7000}.Debug|Any CPU.Build.0 = Debug|Any CPU
		{91CAA24E-E2D3-4B73-8212-AD1EDC4B7000}.Debug|x64.ActiveCfg = Debug|Any CPU
		{91CAA24E-E2D3-4B73-8212-AD1EDC4B7000}.Debug|x64.Build.0 = Debug|Any CPU
		{91CAA24E-E2D3-4B73-8212-AD1EDC4B7000}.Debug|x86.ActiveCfg = Debug|Any CPU
		{91CAA24E-E2D3-4B73-8212-AD1EDC4B7000}.Debug|x86.Build.0 = Debug|Any CPU
		{91CAA24E-E2D3-4B73-8212-AD1EDC4B7000}.Release|Any CPU.ActiveCfg = Release|Any CPU
		{91CAA24E-E2D3-4B73-8212-AD1EDC4B7000}.Release|Any CPU.Build.0 = Release|Any CPU
		{91CAA24E-E2D3-4B73-8212-AD1EDC4B7000}.Release|x64.ActiveCfg = Release|Any CPU
		{91CAA24E-E2D3-4B73-8212-AD1EDC4B7000}.Release|x64.Build.0 = Release|Any CPU
		{91CAA24E-E2D3-4B73-8212-AD1EDC4B7000}.Release|x86.ActiveCfg = Release|Any CPU
		{91CAA24E-E2D3-4B73-8212-AD1EDC4B7000}.Release|x86.Build.0 = Release|Any CPU
	EndGlobalSection
EndGlobal
